
Microsoft Visual Studio Solution File, Format Version 12.00
# Visual Studio 15
VisualStudioVersion = 15.0.27130.2010
MinimumVisualStudioVersion = 10.0.40219.1
Project("{2150E333-8FDC-42A3-9474-1A3956D46DE8}") = "Docs", "Docs", "{CA02E720-105A-4C3E-8806-BCD3CE2FA4B7}"
	ProjectSection(SolutionItems) = preProject
		!Task.txt = !Task.txt
	EndProjectSection
EndProject
Project("{2150E333-8FDC-42A3-9474-1A3956D46DE8}") = "Tests", "Tests", "{3A2501F9-BCA1-40F8-91D3-712E5734A806}"
EndProject
Global
	GlobalSection(SolutionProperties) = preSolution
		HideSolutionNode = FALSE
	EndGlobalSection
	GlobalSection(ExtensibilityGlobals) = postSolution
		SolutionGuid = {75D09D95-709C-45F3-A11B-73A9D8C10876}
	EndGlobalSection
EndGlobal
